
Microsoft Visual Studio Solution File, Format Version 12.00
# Visual Studio Version 17
VisualStudioVersion = 17.8.34408.163
MinimumVisualStudioVersion = 10.0.40219.1
Project("{8BC9CEB8-8B4A-11D0-8D11-00A0C91BC942}") = "Project46", "Project46.vcxproj", "{7487EDA7-1768-46D2-8071-F119784EE647}"
EndProject
Global
	GlobalSection(SolutionConfigurationPlatforms) = preSolution
		Debug|x64 = Debug|x64
		Debug|x86 = Debug|x86
		Release|x64 = Release|x64
		Release|x86 = Release|x86
	EndGlobalSection
	GlobalSection(ProjectConfigurationPlatforms) = postSolution
		{7487EDA7-1768-46D2-8071-F119784EE647}.Debug|x64.ActiveCfg = Debug|x64
		{7487EDA7-1768-46D2-8071-F119784EE647}.Debug|x64.Build.0 = Debug|x64
		{7487EDA7-1768-46D2-8071-F119784EE647}.Debug|x86.ActiveCfg = Debug|Win32
		{7487EDA7-1768-46D2-8071-F119784EE647}.Debug|x86.Build.0 = Debug|Win32
		{7487EDA7-1768-46D2-8071-F119784EE647}.Release|x64.ActiveCfg = Release|x64
		{7487EDA7-1768-46D2-8071-F119784EE647}.Release|x64.Build.0 = Release|x64
		{7487EDA7-1768-46D2-8071-F119784EE647}.Release|x86.ActiveCfg = Release|Win32
		{7487EDA7-1768-46D2-8071-F119784EE647}.Release|x86.Build.0 = Release|Win32
	EndGlobalSection
	GlobalSection(SolutionProperties) = preSolution
		HideSolutionNode = FALSE
	EndGlobalSection
	GlobalSection(ExtensibilityGlobals) = postSolution
		SolutionGuid = {8AB11EBF-3CE9-4418-A6CB-377565DCE36E}
	EndGlobalSection
EndGlobal
